
Microsoft Visual Studio Solution File, Format Version 12.00
# Visual Studio Version 16
VisualStudioVersion = 16.0.31019.35
MinimumVisualStudioVersion = 10.0.40219.1
Project("{FAE04EC0-301F-11D3-BF4B-00C04F79EFBC}") = "ex004", "ex004\ex004.csproj", "{FE83DCBE-27AA-40E7-9D04-2F763259ED76}"
EndProject
Global
	GlobalSection(SolutionConfigurationPlatforms) = preSolution
		Debug|Any CPU = Debug|Any CPU
		Release|Any CPU = Release|Any CPU
	EndGlobalSection
	GlobalSection(ProjectConfigurationPlatforms) = postSolution
		{FE83DCBE-27AA-40E7-9D04-2F763259ED76}.Debug|Any CPU.ActiveCfg = Debug|Any CPU
		{FE83DCBE-27AA-40E7-9D04-2F763259ED76}.Debug|Any CPU.Build.0 = Debug|Any CPU
		{FE83DCBE-27AA-40E7-9D04-2F763259ED76}.Release|Any CPU.ActiveCfg = Release|Any CPU
		{FE83DCBE-27AA-40E7-9D04-2F763259ED76}.Release|Any CPU.Build.0 = Release|Any CPU
	EndGlobalSection
	GlobalSection(SolutionProperties) = preSolution
		HideSolutionNode = FALSE
	EndGlobalSection
	GlobalSection(ExtensibilityGlobals) = postSolution
		SolutionGuid = {65CDF11F-1CA2-4EB8-AB0A-FD047078D29F}
	EndGlobalSection
EndGlobal
