
Microsoft Visual Studio Solution File, Format Version 12.00
# Visual Studio Version 16
VisualStudioVersion = 16.0.31019.35
MinimumVisualStudioVersion = 10.0.40219.1
Project("{FAE04EC0-301F-11D3-BF4B-00C04F79EFBC}") = "ExPropostos005", "ExPropostos005\ExPropostos005.csproj", "{5676BB92-17C4-4C09-A585-7729A948FEDB}"
EndProject
Global
	GlobalSection(SolutionConfigurationPlatforms) = preSolution
		Debug|Any CPU = Debug|Any CPU
		Release|Any CPU = Release|Any CPU
	EndGlobalSection
	GlobalSection(ProjectConfigurationPlatforms) = postSolution
		{5676BB92-17C4-4C09-A585-7729A948FEDB}.Debug|Any CPU.ActiveCfg = Debug|Any CPU
		{5676BB92-17C4-4C09-A585-7729A948FEDB}.Debug|Any CPU.Build.0 = Debug|Any CPU
		{5676BB92-17C4-4C09-A585-7729A948FEDB}.Release|Any CPU.ActiveCfg = Release|Any CPU
		{5676BB92-17C4-4C09-A585-7729A948FEDB}.Release|Any CPU.Build.0 = Release|Any CPU
	EndGlobalSection
	GlobalSection(SolutionProperties) = preSolution
		HideSolutionNode = FALSE
	EndGlobalSection
	GlobalSection(ExtensibilityGlobals) = postSolution
		SolutionGuid = {03445EB8-DBB0-4533-BAC0-0587DBB7BCFB}
	EndGlobalSection
EndGlobal
