
Microsoft Visual Studio Solution File, Format Version 12.00
# Visual Studio Version 16
VisualStudioVersion = 16.0.31019.35
MinimumVisualStudioVersion = 10.0.40219.1
Project("{FAE04EC0-301F-11D3-BF4B-00C04F79EFBC}") = "Ex001", "Ex001\Ex001.csproj", "{455AD717-17F2-4657-8425-4A989FC9F927}"
EndProject
Global
	GlobalSection(SolutionConfigurationPlatforms) = preSolution
		Debug|Any CPU = Debug|Any CPU
		Release|Any CPU = Release|Any CPU
	EndGlobalSection
	GlobalSection(ProjectConfigurationPlatforms) = postSolution
		{455AD717-17F2-4657-8425-4A989FC9F927}.Debug|Any CPU.ActiveCfg = Debug|Any CPU
		{455AD717-17F2-4657-8425-4A989FC9F927}.Debug|Any CPU.Build.0 = Debug|Any CPU
		{455AD717-17F2-4657-8425-4A989FC9F927}.Release|Any CPU.ActiveCfg = Release|Any CPU
		{455AD717-17F2-4657-8425-4A989FC9F927}.Release|Any CPU.Build.0 = Release|Any CPU
	EndGlobalSection
	GlobalSection(SolutionProperties) = preSolution
		HideSolutionNode = FALSE
	EndGlobalSection
	GlobalSection(ExtensibilityGlobals) = postSolution
		SolutionGuid = {988F214B-74CC-4CC0-BF9B-17D1D902FADC}
	EndGlobalSection
EndGlobal
