
Microsoft Visual Studio Solution File, Format Version 12.00
# Visual Studio Version 16
VisualStudioVersion = 16.0.31019.35
MinimumVisualStudioVersion = 10.0.40219.1
Project("{FAE04EC0-301F-11D3-BF4B-00C04F79EFBC}") = "Ex003", "Ex003\Ex003.csproj", "{D177CBCA-29CA-4127-9DD8-8A8659A16135}"
EndProject
Global
	GlobalSection(SolutionConfigurationPlatforms) = preSolution
		Debug|Any CPU = Debug|Any CPU
		Release|Any CPU = Release|Any CPU
	EndGlobalSection
	GlobalSection(ProjectConfigurationPlatforms) = postSolution
		{D177CBCA-29CA-4127-9DD8-8A8659A16135}.Debug|Any CPU.ActiveCfg = Debug|Any CPU
		{D177CBCA-29CA-4127-9DD8-8A8659A16135}.Debug|Any CPU.Build.0 = Debug|Any CPU
		{D177CBCA-29CA-4127-9DD8-8A8659A16135}.Release|Any CPU.ActiveCfg = Release|Any CPU
		{D177CBCA-29CA-4127-9DD8-8A8659A16135}.Release|Any CPU.Build.0 = Release|Any CPU
	EndGlobalSection
	GlobalSection(SolutionProperties) = preSolution
		HideSolutionNode = FALSE
	EndGlobalSection
	GlobalSection(ExtensibilityGlobals) = postSolution
		SolutionGuid = {B06DFD96-5D8B-4225-96C3-28BE64F92B62}
	EndGlobalSection
EndGlobal
