
Microsoft Visual Studio Solution File, Format Version 12.00
# Visual Studio Version 16
VisualStudioVersion = 16.0.31019.35
MinimumVisualStudioVersion = 10.0.40219.1
Project("{FAE04EC0-301F-11D3-BF4B-00C04F79EFBC}") = "ex001", "ex001\ex001.csproj", "{53DE8FF8-B557-4080-9C30-9BBE48810578}"
EndProject
Global
	GlobalSection(SolutionConfigurationPlatforms) = preSolution
		Debug|Any CPU = Debug|Any CPU
		Release|Any CPU = Release|Any CPU
	EndGlobalSection
	GlobalSection(ProjectConfigurationPlatforms) = postSolution
		{53DE8FF8-B557-4080-9C30-9BBE48810578}.Debug|Any CPU.ActiveCfg = Debug|Any CPU
		{53DE8FF8-B557-4080-9C30-9BBE48810578}.Debug|Any CPU.Build.0 = Debug|Any CPU
		{53DE8FF8-B557-4080-9C30-9BBE48810578}.Release|Any CPU.ActiveCfg = Release|Any CPU
		{53DE8FF8-B557-4080-9C30-9BBE48810578}.Release|Any CPU.Build.0 = Release|Any CPU
	EndGlobalSection
	GlobalSection(SolutionProperties) = preSolution
		HideSolutionNode = FALSE
	EndGlobalSection
	GlobalSection(ExtensibilityGlobals) = postSolution
		SolutionGuid = {FC40A39F-558E-41B1-BBBA-4BD0B012B121}
	EndGlobalSection
EndGlobal
